
Microsoft Visual Studio Solution File, Format Version 12.00
# Visual Studio Version 16
VisualStudioVersion = 16.0.31911.196
MinimumVisualStudioVersion = 10.0.40219.1
Project("{FAE04EC0-301F-11D3-BF4B-00C04F79EFBC}") = "Testing", "Testing\Testing.csproj", "{768FE373-3702-4252-A333-9BC2ED726C1E}"
EndProject
Global
	GlobalSection(SolutionConfigurationPlatforms) = preSolution
		Debug|Any CPU = Debug|Any CPU
		Release|Any CPU = Release|Any CPU
	EndGlobalSection
	GlobalSection(ProjectConfigurationPlatforms) = postSolution
		{768FE373-3702-4252-A333-9BC2ED726C1E}.Debug|Any CPU.ActiveCfg = Debug|Any CPU
		{768FE373-3702-4252-A333-9BC2ED726C1E}.Debug|Any CPU.Build.0 = Debug|Any CPU
		{768FE373-3702-4252-A333-9BC2ED726C1E}.Release|Any CPU.ActiveCfg = Release|Any CPU
		{768FE373-3702-4252-A333-9BC2ED726C1E}.Release|Any CPU.Build.0 = Release|Any CPU
	EndGlobalSection
	GlobalSection(SolutionProperties) = preSolution
		HideSolutionNode = FALSE
	EndGlobalSection
	GlobalSection(ExtensibilityGlobals) = postSolution
		SolutionGuid = {4A43C909-53F1-4AAF-B2A1-E8EBEC1CF01D}
	EndGlobalSection
EndGlobal
